
Microsoft Visual Studio Solution File, Format Version 12.00
# Visual Studio 15
VisualStudioVersion = 15.0.28307.168
MinimumVisualStudioVersion = 10.0.40219.1
Project("{9A19103F-16F7-4668-BE54-9A1E7A4F7556}") = "NorthWind.Entities", "NorthWind.Entities\NorthWind.Entities.csproj", "{C6310515-C295-4D2A-B963-79246E3BE910}"
EndProject
Project("{9A19103F-16F7-4668-BE54-9A1E7A4F7556}") = "NorthWind.DAL", "NorthWind.DAL\NorthWind.DAL.csproj", "{88FFE320-5B93-4F79-99B0-EF6D505F57E1}"
EndProject
Project("{FAE04EC0-301F-11D3-BF4B-00C04F79EFBC}") = "NorthWind.WebApp", "NorthWind.WebApp\NorthWind.WebApp.csproj", "{2F857353-8055-4BCC-9C60-24B9AF49F657}"
EndProject
Project("{FAE04EC0-301F-11D3-BF4B-00C04F79EFBC}") = "NorthWind.WpfApp", "NorthWind.WpfApp\NorthWind.WpfApp.csproj", "{E348AE85-7EAC-436E-8F94-3A3749CB2956}"
EndProject
Project("{9A19103F-16F7-4668-BE54-9A1E7A4F7556}") = "NorthWind.ConsoleCoreApp", "NorthWind.ConsoleCoreApp\NorthWind.ConsoleCoreApp.csproj", "{8DE5570A-7164-499B-97A9-02F2AE72D517}"
EndProject
Project("{9A19103F-16F7-4668-BE54-9A1E7A4F7556}") = "NorthWind.WebCoreApp", "NorthWind.WebCoreApp\NorthWind.WebCoreApp.csproj", "{BF2F34A8-2036-43AE-8C88-CF4C24245FF6}"
EndProject
Project("{FAE04EC0-301F-11D3-BF4B-00C04F79EFBC}") = "NorthWind.ConsoleApp", "NorthWind.ConsoleApp\NorthWind.ConsoleApp.csproj", "{32502810-DD6D-4EC6-B574-81E1E6C65FE2}"
EndProject
Project("{FAE04EC0-301F-11D3-BF4B-00C04F79EFBC}") = "NorthWind.UWPCoreApp", "NorthWind.UWPCoreApp\NorthWind.UWPCoreApp.csproj", "{8100B588-80F7-4F1E-91BC-053B40894F9A}"
EndProject
Project("{FAE04EC0-301F-11D3-BF4B-00C04F79EFBC}") = "NorthWind.DAL.SQLLite", "NorthWind.DAL.SQLLite\NorthWind.DAL.SQLLite.csproj", "{358277BC-DE5B-4D59-BC1F-272DA5CA28AC}"
EndProject
Project("{FAE04EC0-301F-11D3-BF4B-00C04F79EFBC}") = "NorthWind.UWPMigrations", "NorthWind.UWPMigrations\NorthWind.UWPMigrations.csproj", "{7A85A835-0B18-4BAE-8C5C-087736D4435A}"
EndProject
Global
	GlobalSection(SolutionConfigurationPlatforms) = preSolution
		Debug|Any CPU = Debug|Any CPU
		Debug|ARM = Debug|ARM
		Debug|ARM64 = Debug|ARM64
		Debug|x64 = Debug|x64
		Debug|x86 = Debug|x86
		Release|Any CPU = Release|Any CPU
		Release|ARM = Release|ARM
		Release|ARM64 = Release|ARM64
		Release|x64 = Release|x64
		Release|x86 = Release|x86
	EndGlobalSection
	GlobalSection(ProjectConfigurationPlatforms) = postSolution
		{C6310515-C295-4D2A-B963-79246E3BE910}.Debug|Any CPU.ActiveCfg = Debug|Any CPU
		{C6310515-C295-4D2A-B963-79246E3BE910}.Debug|Any CPU.Build.0 = Debug|Any CPU
		{C6310515-C295-4D2A-B963-79246E3BE910}.Debug|ARM.ActiveCfg = Debug|Any CPU
		{C6310515-C295-4D2A-B963-79246E3BE910}.Debug|ARM.Build.0 = Debug|Any CPU
		{C6310515-C295-4D2A-B963-79246E3BE910}.Debug|ARM64.ActiveCfg = Debug|Any CPU
		{C6310515-C295-4D2A-B963-79246E3BE910}.Debug|ARM64.Build.0 = Debug|Any CPU
		{C6310515-C295-4D2A-B963-79246E3BE910}.Debug|x64.ActiveCfg = Debug|Any CPU
		{C6310515-C295-4D2A-B963-79246E3BE910}.Debug|x64.Build.0 = Debug|Any CPU
		{C6310515-C295-4D2A-B963-79246E3BE910}.Debug|x86.ActiveCfg = Debug|Any CPU
		{C6310515-C295-4D2A-B963-79246E3BE910}.Debug|x86.Build.0 = Debug|Any CPU
		{C6310515-C295-4D2A-B963-79246E3BE910}.Release|Any CPU.ActiveCfg = Release|Any CPU
		{C6310515-C295-4D2A-B963-79246E3BE910}.Release|Any CPU.Build.0 = Release|Any CPU
		{C6310515-C295-4D2A-B963-79246E3BE910}.Release|ARM.ActiveCfg = Release|Any CPU
		{C6310515-C295-4D2A-B963-79246E3BE910}.Release|ARM.Build.0 = Release|Any CPU
		{C6310515-C295-4D2A-B963-79246E3BE910}.Release|ARM64.ActiveCfg = Release|Any CPU
		{C6310515-C295-4D2A-B963-79246E3BE910}.Release|ARM64.Build.0 = Release|Any CPU
		{C6310515-C295-4D2A-B963-79246E3BE910}.Release|x64.ActiveCfg = Release|Any CPU
		{C6310515-C295-4D2A-B963-79246E3BE910}.Release|x64.Build.0 = Release|Any CPU
		{C6310515-C295-4D2A-B963-79246E3BE910}.Release|x86.ActiveCfg = Release|Any CPU
		{C6310515-C295-4D2A-B963-79246E3BE910}.Release|x86.Build.0 = Release|Any CPU
		{88FFE320-5B93-4F79-99B0-EF6D505F57E1}.Debug|Any CPU.ActiveCfg = Debug|Any CPU
		{88FFE320-5B93-4F79-99B0-EF6D505F57E1}.Debug|Any CPU.Build.0 = Debug|Any CPU
		{88FFE320-5B93-4F79-99B0-EF6D505F57E1}.Debug|ARM.ActiveCfg = Debug|Any CPU
		{88FFE320-5B93-4F79-99B0-EF6D505F57E1}.Debug|ARM.Build.0 = Debug|Any CPU
		{88FFE320-5B93-4F79-99B0-EF6D505F57E1}.Debug|ARM64.ActiveCfg = Debug|Any CPU
		{88FFE320-5B93-4F79-99B0-EF6D505F57E1}.Debug|ARM64.Build.0 = Debug|Any CPU
		{88FFE320-5B93-4F79-99B0-EF6D505F57E1}.Debug|x64.ActiveCfg = Debug|Any CPU
		{88FFE320-5B93-4F79-99B0-EF6D505F57E1}.Debug|x64.Build.0 = Debug|Any CPU
		{88FFE320-5B93-4F79-99B0-EF6D505F57E1}.Debug|x86.ActiveCfg = Debug|Any CPU
		{88FFE320-5B93-4F79-99B0-EF6D505F57E1}.Debug|x86.Build.0 = Debug|Any CPU
		{88FFE320-5B93-4F79-99B0-EF6D505F57E1}.Release|Any CPU.ActiveCfg = Release|Any CPU
		{88FFE320-5B93-4F79-99B0-EF6D505F57E1}.Release|Any CPU.Build.0 = Release|Any CPU
		{88FFE320-5B93-4F79-99B0-EF6D505F57E1}.Release|ARM.ActiveCfg = Release|Any CPU
		{88FFE320-5B93-4F79-99B0-EF6D505F57E1}.Release|ARM.Build.0 = Release|Any CPU
		{88FFE320-5B93-4F79-99B0-EF6D505F57E1}.Release|ARM64.ActiveCfg = Release|Any CPU
		{88FFE320-5B93-4F79-99B0-EF6D505F57E1}.Release|ARM64.Build.0 = Release|Any CPU
		{88FFE320-5B93-4F79-99B0-EF6D505F57E1}.Release|x64.ActiveCfg = Release|Any CPU
		{88FFE320-5B93-4F79-99B0-EF6D505F57E1}.Release|x64.Build.0 = Release|Any CPU
		{88FFE320-5B93-4F79-99B0-EF6D505F57E1}.Release|x86.ActiveCfg = Release|Any CPU
		{88FFE320-5B93-4F79-99B0-EF6D505F57E1}.Release|x86.Build.0 = Release|Any CPU
		{2F857353-8055-4BCC-9C60-24B9AF49F657}.Debug|Any CPU.ActiveCfg = Debug|Any CPU
		{2F857353-8055-4BCC-9C60-24B9AF49F657}.Debug|Any CPU.Build.0 = Debug|Any CPU
		{2F857353-8055-4BCC-9C60-24B9AF49F657}.Debug|ARM.ActiveCfg = Debug|Any CPU
		{2F857353-8055-4BCC-9C60-24B9AF49F657}.Debug|ARM.Build.0 = Debug|Any CPU
		{2F857353-8055-4BCC-9C60-24B9AF49F657}.Debug|ARM64.ActiveCfg = Debug|Any CPU
		{2F857353-8055-4BCC-9C60-24B9AF49F657}.Debug|ARM64.Build.0 = Debug|Any CPU
		{2F857353-8055-4BCC-9C60-24B9AF49F657}.Debug|x64.ActiveCfg = Debug|Any CPU
		{2F857353-8055-4BCC-9C60-24B9AF49F657}.Debug|x64.Build.0 = Debug|Any CPU
		{2F857353-8055-4BCC-9C60-24B9AF49F657}.Debug|x86.ActiveCfg = Debug|Any CPU
		{2F857353-8055-4BCC-9C60-24B9AF49F657}.Debug|x86.Build.0 = Debug|Any CPU
		{2F857353-8055-4BCC-9C60-24B9AF49F657}.Release|Any CPU.ActiveCfg = Release|Any CPU
		{2F857353-8055-4BCC-9C60-24B9AF49F657}.Release|Any CPU.Build.0 = Release|Any CPU
		{2F857353-8055-4BCC-9C60-24B9AF49F657}.Release|ARM.ActiveCfg = Release|Any CPU
		{2F857353-8055-4BCC-9C60-24B9AF49F657}.Release|ARM.Build.0 = Release|Any CPU
		{2F857353-8055-4BCC-9C60-24B9AF49F657}.Release|ARM64.ActiveCfg = Release|Any CPU
		{2F857353-8055-4BCC-9C60-24B9AF49F657}.Release|ARM64.Build.0 = Release|Any CPU
		{2F857353-8055-4BCC-9C60-24B9AF49F657}.Release|x64.ActiveCfg = Release|Any CPU
		{2F857353-8055-4BCC-9C60-24B9AF49F657}.Release|x64.Build.0 = Release|Any CPU
		{2F857353-8055-4BCC-9C60-24B9AF49F657}.Release|x86.ActiveCfg = Release|Any CPU
		{2F857353-8055-4BCC-9C60-24B9AF49F657}.Release|x86.Build.0 = Release|Any CPU
		{E348AE85-7EAC-436E-8F94-3A3749CB2956}.Debug|Any CPU.ActiveCfg = Debug|Any CPU
		{E348AE85-7EAC-436E-8F94-3A3749CB2956}.Debug|Any CPU.Build.0 = Debug|Any CPU
		{E348AE85-7EAC-436E-8F94-3A3749CB2956}.Debug|ARM.ActiveCfg = Debug|Any CPU
		{E348AE85-7EAC-436E-8F94-3A3749CB2956}.Debug|ARM.Build.0 = Debug|Any CPU
		{E348AE85-7EAC-436E-8F94-3A3749CB2956}.Debug|ARM64.ActiveCfg = Debug|Any CPU
		{E348AE85-7EAC-436E-8F94-3A3749CB2956}.Debug|ARM64.Build.0 = Debug|Any CPU
		{E348AE85-7EAC-436E-8F94-3A3749CB2956}.Debug|x64.ActiveCfg = Debug|Any CPU
		{E348AE85-7EAC-436E-8F94-3A3749CB2956}.Debug|x64.Build.0 = Debug|Any CPU
		{E348AE85-7EAC-436E-8F94-3A3749CB2956}.Debug|x86.ActiveCfg = Debug|Any CPU
		{E348AE85-7EAC-436E-8F94-3A3749CB2956}.Debug|x86.Build.0 = Debug|Any CPU
		{E348AE85-7EAC-436E-8F94-3A3749CB2956}.Release|Any CPU.ActiveCfg = Release|Any CPU
		{E348AE85-7EAC-436E-8F94-3A3749CB2956}.Release|Any CPU.Build.0 = Release|Any CPU
		{E348AE85-7EAC-436E-8F94-3A3749CB2956}.Release|ARM.ActiveCfg = Release|Any CPU
		{E348AE85-7EAC-436E-8F94-3A3749CB2956}.Release|ARM.Build.0 = Release|Any CPU
		{E348AE85-7EAC-436E-8F94-3A3749CB2956}.Release|ARM64.ActiveCfg = Release|Any CPU
		{E348AE85-7EAC-436E-8F94-3A3749CB2956}.Release|ARM64.Build.0 = Release|Any CPU
		{E348AE85-7EAC-436E-8F94-3A3749CB2956}.Release|x64.ActiveCfg = Release|Any CPU
		{E348AE85-7EAC-436E-8F94-3A3749CB2956}.Release|x64.Build.0 = Release|Any CPU
		{E348AE85-7EAC-436E-8F94-3A3749CB2956}.Release|x86.ActiveCfg = Release|Any CPU
		{E348AE85-7EAC-436E-8F94-3A3749CB2956}.Release|x86.Build.0 = Release|Any CPU
		{8DE5570A-7164-499B-97A9-02F2AE72D517}.Debug|Any CPU.ActiveCfg = Debug|Any CPU
		{8DE5570A-7164-499B-97A9-02F2AE72D517}.Debug|Any CPU.Build.0 = Debug|Any CPU
		{8DE5570A-7164-499B-97A9-02F2AE72D517}.Debug|ARM.ActiveCfg = Debug|Any CPU
		{8DE5570A-7164-499B-97A9-02F2AE72D517}.Debug|ARM.Build.0 = Debug|Any CPU
		{8DE5570A-7164-499B-97A9-02F2AE72D517}.Debug|ARM64.ActiveCfg = Debug|Any CPU
		{8DE5570A-7164-499B-97A9-02F2AE72D517}.Debug|ARM64.Build.0 = Debug|Any CPU
		{8DE5570A-7164-499B-97A9-02F2AE72D517}.Debug|x64.ActiveCfg = Debug|Any CPU
		{8DE5570A-7164-499B-97A9-02F2AE72D517}.Debug|x64.Build.0 = Debug|Any CPU
		{8DE5570A-7164-499B-97A9-02F2AE72D517}.Debug|x86.ActiveCfg = Debug|Any CPU
		{8DE5570A-7164-499B-97A9-02F2AE72D517}.Debug|x86.Build.0 = Debug|Any CPU
		{8DE5570A-7164-499B-97A9-02F2AE72D517}.Release|Any CPU.ActiveCfg = Release|Any CPU
		{8DE5570A-7164-499B-97A9-02F2AE72D517}.Release|Any CPU.Build.0 = Release|Any CPU
		{8DE5570A-7164-499B-97A9-02F2AE72D517}.Release|ARM.ActiveCfg = Release|Any CPU
		{8DE5570A-7164-499B-97A9-02F2AE72D517}.Release|ARM.Build.0 = Release|Any CPU
		{8DE5570A-7164-499B-97A9-02F2AE72D517}.Release|ARM64.ActiveCfg = Release|Any CPU
		{8DE5570A-7164-499B-97A9-02F2AE72D517}.Release|ARM64.Build.0 = Release|Any CPU
		{8DE5570A-7164-499B-97A9-02F2AE72D517}.Release|x64.ActiveCfg = Release|Any CPU
		{8DE5570A-7164-499B-97A9-02F2AE72D517}.Release|x64.Build.0 = Release|Any CPU
		{8DE5570A-7164-499B-97A9-02F2AE72D517}.Release|x86.ActiveCfg = Release|Any CPU
		{8DE5570A-7164-499B-97A9-02F2AE72D517}.Release|x86.Build.0 = Release|Any CPU
		{BF2F34A8-2036-43AE-8C88-CF4C24245FF6}.Debug|Any CPU.ActiveCfg = Debug|Any CPU
		{BF2F34A8-2036-43AE-8C88-CF4C24245FF6}.Debug|Any CPU.Build.0 = Debug|Any CPU
		{BF2F34A8-2036-43AE-8C88-CF4C24245FF6}.Debug|ARM.ActiveCfg = Debug|Any CPU
		{BF2F34A8-2036-43AE-8C88-CF4C24245FF6}.Debug|ARM.Build.0 = Debug|Any CPU
		{BF2F34A8-2036-43AE-8C88-CF4C24245FF6}.Debug|ARM64.ActiveCfg = Debug|Any CPU
		{BF2F34A8-2036-43AE-8C88-CF4C24245FF6}.Debug|ARM64.Build.0 = Debug|Any CPU
		{BF2F34A8-2036-43AE-8C88-CF4C24245FF6}.Debug|x64.ActiveCfg = Debug|Any CPU
		{BF2F34A8-2036-43AE-8C88-CF4C24245FF6}.Debug|x64.Build.0 = Debug|Any CPU
		{BF2F34A8-2036-43AE-8C88-CF4C24245FF6}.Debug|x86.ActiveCfg = Debug|Any CPU
		{BF2F34A8-2036-43AE-8C88-CF4C24245FF6}.Debug|x86.Build.0 = Debug|Any CPU
		{BF2F34A8-2036-43AE-8C88-CF4C24245FF6}.Release|Any CPU.ActiveCfg = Release|Any CPU
		{BF2F34A8-2036-43AE-8C88-CF4C24245FF6}.Release|Any CPU.Build.0 = Release|Any CPU
		{BF2F34A8-2036-43AE-8C88-CF4C24245FF6}.Release|ARM.ActiveCfg = Release|Any CPU
		{BF2F34A8-2036-43AE-8C88-CF4C24245FF6}.Release|ARM.Build.0 = Release|Any CPU
		{BF2F34A8-2036-43AE-8C88-CF4C24245FF6}.Release|ARM64.ActiveCfg = Release|Any CPU
		{BF2F34A8-2036-43AE-8C88-CF4C24245FF6}.Release|ARM64.Build.0 = Release|Any CPU
		{BF2F34A8-2036-43AE-8C88-CF4C24245FF6}.Release|x64.ActiveCfg = Release|Any CPU
		{BF2F34A8-2036-43AE-8C88-CF4C24245FF6}.Release|x64.Build.0 = Release|Any CPU
		{BF2F34A8-2036-43AE-8C88-CF4C24245FF6}.Release|x86.ActiveCfg = Release|Any CPU
		{BF2F34A8-2036-43AE-8C88-CF4C24245FF6}.Release|x86.Build.0 = Release|Any CPU
		{32502810-DD6D-4EC6-B574-81E1E6C65FE2}.Debug|Any CPU.ActiveCfg = Debug|Any CPU
		{32502810-DD6D-4EC6-B574-81E1E6C65FE2}.Debug|Any CPU.Build.0 = Debug|Any CPU
		{32502810-DD6D-4EC6-B574-81E1E6C65FE2}.Debug|ARM.ActiveCfg = Debug|Any CPU
		{32502810-DD6D-4EC6-B574-81E1E6C65FE2}.Debug|ARM.Build.0 = Debug|Any CPU
		{32502810-DD6D-4EC6-B574-81E1E6C65FE2}.Debug|ARM64.ActiveCfg = Debug|Any CPU
		{32502810-DD6D-4EC6-B574-81E1E6C65FE2}.Debug|ARM64.Build.0 = Debug|Any CPU
		{32502810-DD6D-4EC6-B574-81E1E6C65FE2}.Debug|x64.ActiveCfg = Debug|Any CPU
		{32502810-DD6D-4EC6-B574-81E1E6C65FE2}.Debug|x64.Build.0 = Debug|Any CPU
		{32502810-DD6D-4EC6-B574-81E1E6C65FE2}.Debug|x86.ActiveCfg = Debug|Any CPU
		{32502810-DD6D-4EC6-B574-81E1E6C65FE2}.Debug|x86.Build.0 = Debug|Any CPU
		{32502810-DD6D-4EC6-B574-81E1E6C65FE2}.Release|Any CPU.ActiveCfg = Release|Any CPU
		{32502810-DD6D-4EC6-B574-81E1E6C65FE2}.Release|Any CPU.Build.0 = Release|Any CPU
		{32502810-DD6D-4EC6-B574-81E1E6C65FE2}.Release|ARM.ActiveCfg = Release|Any CPU
		{32502810-DD6D-4EC6-B574-81E1E6C65FE2}.Release|ARM.Build.0 = Release|Any CPU
		{32502810-DD6D-4EC6-B574-81E1E6C65FE2}.Release|ARM64.ActiveCfg = Release|Any CPU
		{32502810-DD6D-4EC6-B574-81E1E6C65FE2}.Release|ARM64.Build.0 = Release|Any CPU
		{32502810-DD6D-4EC6-B574-81E1E6C65FE2}.Release|x64.ActiveCfg = Release|Any CPU
		{32502810-DD6D-4EC6-B574-81E1E6C65FE2}.Release|x64.Build.0 = Release|Any CPU
		{32502810-DD6D-4EC6-B574-81E1E6C65FE2}.Release|x86.ActiveCfg = Release|Any CPU
		{32502810-DD6D-4EC6-B574-81E1E6C65FE2}.Release|x86.Build.0 = Release|Any CPU
		{8100B588-80F7-4F1E-91BC-053B40894F9A}.Debug|Any CPU.ActiveCfg = Debug|x86
		{8100B588-80F7-4F1E-91BC-053B40894F9A}.Debug|ARM.ActiveCfg = Debug|ARM
		{8100B588-80F7-4F1E-91BC-053B40894F9A}.Debug|ARM.Build.0 = Debug|ARM
		{8100B588-80F7-4F1E-91BC-053B40894F9A}.Debug|ARM.Deploy.0 = Debug|ARM
		{8100B588-80F7-4F1E-91BC-053B40894F9A}.Debug|ARM64.ActiveCfg = Debug|ARM64
		{8100B588-80F7-4F1E-91BC-053B40894F9A}.Debug|ARM64.Build.0 = Debug|ARM64
		{8100B588-80F7-4F1E-91BC-053B40894F9A}.Debug|ARM64.Deploy.0 = Debug|ARM64
		{8100B588-80F7-4F1E-91BC-053B40894F9A}.Debug|x64.ActiveCfg = Debug|x64
		{8100B588-80F7-4F1E-91BC-053B40894F9A}.Debug|x64.Build.0 = Debug|x64
		{8100B588-80F7-4F1E-91BC-053B40894F9A}.Debug|x64.Deploy.0 = Debug|x64
		{8100B588-80F7-4F1E-91BC-053B40894F9A}.Debug|x86.ActiveCfg = Debug|x86
		{8100B588-80F7-4F1E-91BC-053B40894F9A}.Debug|x86.Build.0 = Debug|x86
		{8100B588-80F7-4F1E-91BC-053B40894F9A}.Debug|x86.Deploy.0 = Debug|x86
		{8100B588-80F7-4F1E-91BC-053B40894F9A}.Release|Any CPU.ActiveCfg = Release|x86
		{8100B588-80F7-4F1E-91BC-053B40894F9A}.Release|ARM.ActiveCfg = Release|ARM
		{8100B588-80F7-4F1E-91BC-053B40894F9A}.Release|ARM.Build.0 = Release|ARM
		{8100B588-80F7-4F1E-91BC-053B40894F9A}.Release|ARM.Deploy.0 = Release|ARM
		{8100B588-80F7-4F1E-91BC-053B40894F9A}.Release|ARM64.ActiveCfg = Release|ARM64
		{8100B588-80F7-4F1E-91BC-053B40894F9A}.Release|ARM64.Build.0 = Release|ARM64
		{8100B588-80F7-4F1E-91BC-053B40894F9A}.Release|ARM64.Deploy.0 = Release|ARM64
		{8100B588-80F7-4F1E-91BC-053B40894F9A}.Release|x64.ActiveCfg = Release|x64
		{8100B588-80F7-4F1E-91BC-053B40894F9A}.Release|x64.Build.0 = Release|x64
		{8100B588-80F7-4F1E-91BC-053B40894F9A}.Release|x64.Deploy.0 = Release|x64
		{8100B588-80F7-4F1E-91BC-053B40894F9A}.Release|x86.ActiveCfg = Release|x86
		{8100B588-80F7-4F1E-91BC-053B40894F9A}.Release|x86.Build.0 = Release|x86
		{8100B588-80F7-4F1E-91BC-053B40894F9A}.Release|x86.Deploy.0 = Release|x86
		{358277BC-DE5B-4D59-BC1F-272DA5CA28AC}.Debug|Any CPU.ActiveCfg = Debug|Any CPU
		{358277BC-DE5B-4D59-BC1F-272DA5CA28AC}.Debug|Any CPU.Build.0 = Debug|Any CPU
		{358277BC-DE5B-4D59-BC1F-272DA5CA28AC}.Debug|ARM.ActiveCfg = Debug|Any CPU
		{358277BC-DE5B-4D59-BC1F-272DA5CA28AC}.Debug|ARM.Build.0 = Debug|Any CPU
		{358277BC-DE5B-4D59-BC1F-272DA5CA28AC}.Debug|ARM64.ActiveCfg = Debug|Any CPU
		{358277BC-DE5B-4D59-BC1F-272DA5CA28AC}.Debug|ARM64.Build.0 = Debug|Any CPU
		{358277BC-DE5B-4D59-BC1F-272DA5CA28AC}.Debug|x64.ActiveCfg = Debug|Any CPU
		{358277BC-DE5B-4D59-BC1F-272DA5CA28AC}.Debug|x64.Build.0 = Debug|Any CPU
		{358277BC-DE5B-4D59-BC1F-272DA5CA28AC}.Debug|x86.ActiveCfg = Debug|Any CPU
		{358277BC-DE5B-4D59-BC1F-272DA5CA28AC}.Debug|x86.Build.0 = Debug|Any CPU
		{358277BC-DE5B-4D59-BC1F-272DA5CA28AC}.Release|Any CPU.ActiveCfg = Release|Any CPU
		{358277BC-DE5B-4D59-BC1F-272DA5CA28AC}.Release|Any CPU.Build.0 = Release|Any CPU
		{358277BC-DE5B-4D59-BC1F-272DA5CA28AC}.Release|ARM.ActiveCfg = Release|Any CPU
		{358277BC-DE5B-4D59-BC1F-272DA5CA28AC}.Release|ARM.Build.0 = Release|Any CPU
		{358277BC-DE5B-4D59-BC1F-272DA5CA28AC}.Release|ARM64.ActiveCfg = Release|Any CPU
		{358277BC-DE5B-4D59-BC1F-272DA5CA28AC}.Release|ARM64.Build.0 = Release|Any CPU
		{358277BC-DE5B-4D59-BC1F-272DA5CA28AC}.Release|x64.ActiveCfg = Release|Any CPU
		{358277BC-DE5B-4D59-BC1F-272DA5CA28AC}.Release|x64.Build.0 = Release|Any CPU
		{358277BC-DE5B-4D59-BC1F-272DA5CA28AC}.Release|x86.ActiveCfg = Release|Any CPU
		{358277BC-DE5B-4D59-BC1F-272DA5CA28AC}.Release|x86.Build.0 = Release|Any CPU
		{7A85A835-0B18-4BAE-8C5C-087736D4435A}.Debug|Any CPU.ActiveCfg = Debug|Any CPU
		{7A85A835-0B18-4BAE-8C5C-087736D4435A}.Debug|Any CPU.Build.0 = Debug|Any CPU
		{7A85A835-0B18-4BAE-8C5C-087736D4435A}.Debug|ARM.ActiveCfg = Debug|Any CPU
		{7A85A835-0B18-4BAE-8C5C-087736D4435A}.Debug|ARM.Build.0 = Debug|Any CPU
		{7A85A835-0B18-4BAE-8C5C-087736D4435A}.Debug|ARM64.ActiveCfg = Debug|Any CPU
		{7A85A835-0B18-4BAE-8C5C-087736D4435A}.Debug|ARM64.Build.0 = Debug|Any CPU
		{7A85A835-0B18-4BAE-8C5C-087736D4435A}.Debug|x64.ActiveCfg = Debug|Any CPU
		{7A85A835-0B18-4BAE-8C5C-087736D4435A}.Debug|x64.Build.0 = Debug|Any CPU
		{7A85A835-0B18-4BAE-8C5C-087736D4435A}.Debug|x86.ActiveCfg = Debug|Any CPU
		{7A85A835-0B18-4BAE-8C5C-087736D4435A}.Debug|x86.Build.0 = Debug|Any CPU
		{7A85A835-0B18-4BAE-8C5C-087736D4435A}.Release|Any CPU.ActiveCfg = Release|Any CPU
		{7A85A835-0B18-4BAE-8C5C-087736D4435A}.Release|Any CPU.Build.0 = Release|Any CPU
		{7A85A835-0B18-4BAE-8C5C-087736D4435A}.Release|ARM.ActiveCfg = Release|Any CPU
		{7A85A835-0B18-4BAE-8C5C-087736D4435A}.Release|ARM.Build.0 = Release|Any CPU
		{7A85A835-0B18-4BAE-8C5C-087736D4435A}.Release|ARM64.ActiveCfg = Release|Any CPU
		{7A85A835-0B18-4BAE-8C5C-087736D4435A}.Release|ARM64.Build.0 = Release|Any CPU
		{7A85A835-0B18-4BAE-8C5C-087736D4435A}.Release|x64.ActiveCfg = Release|Any CPU
		{7A85A835-0B18-4BAE-8C5C-087736D4435A}.Release|x64.Build.0 = Release|Any CPU
		{7A85A835-0B18-4BAE-8C5C-087736D4435A}.Release|x86.ActiveCfg = Release|Any CPU
		{7A85A835-0B18-4BAE-8C5C-087736D4435A}.Release|x86.Build.0 = Release|Any CPU
	EndGlobalSection
	GlobalSection(SolutionProperties) = preSolution
		HideSolutionNode = FALSE
	EndGlobalSection
	GlobalSection(ExtensibilityGlobals) = postSolution
		SolutionGuid = {DC2FC3D3-DB42-4DF6-B109-997FA2BA0E04}
	EndGlobalSection
EndGlobal
