
Microsoft Visual Studio Solution File, Format Version 12.00
# Visual Studio 15
VisualStudioVersion = 15.0.28307.168
MinimumVisualStudioVersion = 10.0.40219.1
Project("{9A19103F-16F7-4668-BE54-9A1E7A4F7556}") = "NorthWind.Entities", "NorthWind.Entities\NorthWind.Entities.csproj", "{C6310515-C295-4D2A-B963-79246E3BE910}"
EndProject
Project("{9A19103F-16F7-4668-BE54-9A1E7A4F7556}") = "NorthWind.DAL", "NorthWind.DAL\NorthWind.DAL.csproj", "{88FFE320-5B93-4F79-99B0-EF6D505F57E1}"
EndProject
Project("{FAE04EC0-301F-11D3-BF4B-00C04F79EFBC}") = "NorthWind.WebApp", "NorthWind.WebApp\NorthWind.WebApp.csproj", "{2F857353-8055-4BCC-9C60-24B9AF49F657}"
EndProject
Project("{FAE04EC0-301F-11D3-BF4B-00C04F79EFBC}") = "NorthWind.WpfApp", "NorthWind.WpfApp\NorthWind.WpfApp.csproj", "{E348AE85-7EAC-436E-8F94-3A3749CB2956}"
EndProject
Project("{FAE04EC0-301F-11D3-BF4B-00C04F79EFBC}") = "NorthWind.ConsoleCoreApp", "NorthWind.ConsoleCoreApp\NorthWind.ConsoleCoreApp.csproj", "{8DE5570A-7164-499B-97A9-02F2AE72D517}"
EndProject
Project("{FAE04EC0-301F-11D3-BF4B-00C04F79EFBC}") = "NorthWind.WebCoreApp", "NorthWind.WebCoreApp\NorthWind.WebCoreApp.csproj", "{BF2F34A8-2036-43AE-8C88-CF4C24245FF6}"
EndProject
Project("{FAE04EC0-301F-11D3-BF4B-00C04F79EFBC}") = "NorthWind.ConsoleApp", "NorthWind.ConsoleApp\NorthWind.ConsoleApp.csproj", "{32502810-DD6D-4EC6-B574-81E1E6C65FE2}"
EndProject
Global
	GlobalSection(SolutionConfigurationPlatforms) = preSolution
		Debug|Any CPU = Debug|Any CPU
		Release|Any CPU = Release|Any CPU
	EndGlobalSection
	GlobalSection(ProjectConfigurationPlatforms) = postSolution
		{C6310515-C295-4D2A-B963-79246E3BE910}.Debug|Any CPU.ActiveCfg = Debug|Any CPU
		{C6310515-C295-4D2A-B963-79246E3BE910}.Debug|Any CPU.Build.0 = Debug|Any CPU
		{C6310515-C295-4D2A-B963-79246E3BE910}.Release|Any CPU.ActiveCfg = Release|Any CPU
		{C6310515-C295-4D2A-B963-79246E3BE910}.Release|Any CPU.Build.0 = Release|Any CPU
		{88FFE320-5B93-4F79-99B0-EF6D505F57E1}.Debug|Any CPU.ActiveCfg = Debug|Any CPU
		{88FFE320-5B93-4F79-99B0-EF6D505F57E1}.Debug|Any CPU.Build.0 = Debug|Any CPU
		{88FFE320-5B93-4F79-99B0-EF6D505F57E1}.Release|Any CPU.ActiveCfg = Release|Any CPU
		{88FFE320-5B93-4F79-99B0-EF6D505F57E1}.Release|Any CPU.Build.0 = Release|Any CPU
		{2F857353-8055-4BCC-9C60-24B9AF49F657}.Debug|Any CPU.ActiveCfg = Debug|Any CPU
		{2F857353-8055-4BCC-9C60-24B9AF49F657}.Debug|Any CPU.Build.0 = Debug|Any CPU
		{2F857353-8055-4BCC-9C60-24B9AF49F657}.Release|Any CPU.ActiveCfg = Release|Any CPU
		{2F857353-8055-4BCC-9C60-24B9AF49F657}.Release|Any CPU.Build.0 = Release|Any CPU
		{E348AE85-7EAC-436E-8F94-3A3749CB2956}.Debug|Any CPU.ActiveCfg = Debug|Any CPU
		{E348AE85-7EAC-436E-8F94-3A3749CB2956}.Debug|Any CPU.Build.0 = Debug|Any CPU
		{E348AE85-7EAC-436E-8F94-3A3749CB2956}.Release|Any CPU.ActiveCfg = Release|Any CPU
		{E348AE85-7EAC-436E-8F94-3A3749CB2956}.Release|Any CPU.Build.0 = Release|Any CPU
		{8DE5570A-7164-499B-97A9-02F2AE72D517}.Debug|Any CPU.ActiveCfg = Debug|Any CPU
		{8DE5570A-7164-499B-97A9-02F2AE72D517}.Debug|Any CPU.Build.0 = Debug|Any CPU
		{8DE5570A-7164-499B-97A9-02F2AE72D517}.Release|Any CPU.ActiveCfg = Release|Any CPU
		{8DE5570A-7164-499B-97A9-02F2AE72D517}.Release|Any CPU.Build.0 = Release|Any CPU
		{BF2F34A8-2036-43AE-8C88-CF4C24245FF6}.Debug|Any CPU.ActiveCfg = Debug|Any CPU
		{BF2F34A8-2036-43AE-8C88-CF4C24245FF6}.Debug|Any CPU.Build.0 = Debug|Any CPU
		{BF2F34A8-2036-43AE-8C88-CF4C24245FF6}.Release|Any CPU.ActiveCfg = Release|Any CPU
		{BF2F34A8-2036-43AE-8C88-CF4C24245FF6}.Release|Any CPU.Build.0 = Release|Any CPU
		{32502810-DD6D-4EC6-B574-81E1E6C65FE2}.Debug|Any CPU.ActiveCfg = Debug|Any CPU
		{32502810-DD6D-4EC6-B574-81E1E6C65FE2}.Debug|Any CPU.Build.0 = Debug|Any CPU
		{32502810-DD6D-4EC6-B574-81E1E6C65FE2}.Release|Any CPU.ActiveCfg = Release|Any CPU
		{32502810-DD6D-4EC6-B574-81E1E6C65FE2}.Release|Any CPU.Build.0 = Release|Any CPU
	EndGlobalSection
	GlobalSection(SolutionProperties) = preSolution
		HideSolutionNode = FALSE
	EndGlobalSection
	GlobalSection(ExtensibilityGlobals) = postSolution
		SolutionGuid = {DC2FC3D3-DB42-4DF6-B109-997FA2BA0E04}
	EndGlobalSection
EndGlobal
